
Microsoft Visual Studio Solution File, Format Version 12.00
Project("{9A19103F-16F7-4668-BE54-9A1E7A4F7556}") = "_build", "..\build\_build.csproj", "{BD0FCEDD-3295-4CA2-925B-34FE1073F33A}"
EndProject
Project("{FAE04EC0-301F-11D3-BF4B-00C04F79EFBC}") = "ComposableCollections.EntityFrameworkCore", "ComposableCollections.EntityFrameworkCore\ComposableCollections.EntityFrameworkCore.csproj", "{4E46A885-47E6-4247-A168-5EF4AF90266A}"
EndProject
Global
	GlobalSection(SolutionConfigurationPlatforms) = preSolution
		Debug|Any CPU = Debug|Any CPU
		Release|Any CPU = Release|Any CPU
	EndGlobalSection
	GlobalSection(ProjectConfigurationPlatforms) = postSolution
		{BD0FCEDD-3295-4CA2-925B-34FE1073F33A}.Debug|Any CPU.ActiveCfg = Debug|Any CPU
		{BD0FCEDD-3295-4CA2-925B-34FE1073F33A}.Release|Any CPU.ActiveCfg = Release|Any CPU
		{4E46A885-47E6-4247-A168-5EF4AF90266A}.Debug|Any CPU.ActiveCfg = Debug|Any CPU
		{4E46A885-47E6-4247-A168-5EF4AF90266A}.Debug|Any CPU.Build.0 = Debug|Any CPU
		{4E46A885-47E6-4247-A168-5EF4AF90266A}.Release|Any CPU.ActiveCfg = Release|Any CPU
		{4E46A885-47E6-4247-A168-5EF4AF90266A}.Release|Any CPU.Build.0 = Release|Any CPU
	EndGlobalSection
EndGlobal
